{
  "name": "networkteam.neos.shariff",
  "version": "1.0.0",
  "lockfileVersion": 1,
  "requires": true,
  "dependencies": {
    "@fortawesome/fontawesome-free-webfonts": {
      "version": "1.0.9",
      "resolved": "https://registry.npmjs.org/@fortawesome/fontawesome-free-webfonts/-/fontawesome-free-webfonts-1.0.9.tgz",
      "integrity": "sha512-nLgl6b6a+tXaoJJnSRw0hjN8cWM/Q5DhxKAwI9Xr0AiC43lQ2F98vQ1KLA6kw5OoYeAyisGGqmlwtBj0WqOI5Q=="
    },
    "jquery": {
      "version": "3.3.1",
      "resolved": "https://registry.npmjs.org/jquery/-/jquery-3.3.1.tgz",
      "integrity": "sha512-Ubldcmxp5np52/ENotGxlLe6aGMvmF4R8S6tZjsP6Knsaxd/xp3Zrh50cG93lR6nPXyUFwzN3ZSOQI0wRJNdGg=="
    },
    "shariff": {
      "version": "3.0.1",
      "resolved": "https://registry.npmjs.org/shariff/-/shariff-3.0.1.tgz",
      "integrity": "sha512-uRTOPE/3Sf2e8pJaQagl9meDwqtrIxhP6U1NrNjMvDazmwJ1bJa3YpqA7lwqTuzZYEPaJ6o8n0Wsq3qUG3lbvg==",
      "requires": {
        "@fortawesome/fontawesome-free-webfonts": "1.0.9",
        "jquery": "3.3.1"
      }
    }
  }
}
